schema: '2.0'
stages:
  prepare_data:
    cmd: python src\stage_01_prepare_data.py
    deps:
    - path: configs\config.yaml
      md5: d94a4ed066734b2e21be2679a0c80d53
      size: 450
    - path: data\data.xml
      md5: a304afb96060aad90176268345e10355
      size: 37891850
    - path: params.yaml
      md5: b88b5795386f88aa9fda9349fbfd272e
      size: 216
    - path: src\stage_01_prepare_data.py
      md5: 17e70948fcfee3bf5a6023aef73d608a
      size: 2229
    - path: src\utils\common.py
      md5: da1e9bbf592aa85cc389ba312f26ef70
      size: 1341
    - path: src\utils\data_managemnt.py
      md5: 6a86fff1eb5a10c2db6680ecc08bf60b
      size: 870
    outs:
    - path: artifacts\prepared\test.tsv
      md5: dd23abd4cd448d5ce1f52caf29e8d617
      size: 5008702
    - path: artifacts\prepared\train.tsv
      md5: d0274eaad6203c3cd54bbe559774df1e
      size: 18877617
  featurize_data:
    cmd: python src\stage_02_featurization.py
    deps:
    - path: configs\config.yaml
      md5: d94a4ed066734b2e21be2679a0c80d53
      size: 450
    - path: params.yaml
      md5: b88b5795386f88aa9fda9349fbfd272e
      size: 216
    - path: src\stage_02_featurization.py
      md5: fb86d9c5388dc178d1b5bcb7e5691a6f
      size: 3134
    - path: src\utils\common.py
      md5: da1e9bbf592aa85cc389ba312f26ef70
      size: 1341
    - path: src\utils\data_managemnt.py
      md5: 6a86fff1eb5a10c2db6680ecc08bf60b
      size: 870
    - path: src\utils\featurize.py
      md5: 07a3c481ea02845ae07055726261f317
      size: 710
    outs:
    - path: artifacts\Features\test.pkl
      md5: d26d4ee8f042a8c61cee6be924986f80
      size: 2652301
    - path: artifacts\Features\train.pkl
      md5: 1283585d7e6d7adf9b49796dedcedd4c
      size: 10078033
  train:
    cmd: python src\stage_03_train.py --config=configs/config.yaml --params=params.yaml
    deps:
    - path: artifacts/features/train.pkl
      md5: 1283585d7e6d7adf9b49796dedcedd4c
      size: 10078033
    - path: configs/config.yaml
      md5: d94a4ed066734b2e21be2679a0c80d53
      size: 450
    - path: params.yaml
      md5: b88b5795386f88aa9fda9349fbfd272e
      size: 216
    - path: src/utils/common.py
      md5: da1e9bbf592aa85cc389ba312f26ef70
      size: 1341
    - path: src\stage_03_train.py
      md5: 532c5bd4f56154fa4012e98d8a6714f9
      size: 2210
    outs:
    - path: artifacts/model/model.pkl
      md5: 3c4c40f6b890feee46651ba99bedc208
      size: 3503015
  evaluate:
    cmd: python src\stage_04_evaluate.py --config=configs/config.yaml --params=params.yaml
    deps:
    - path: artifacts/features/train.pkl
      md5: 1283585d7e6d7adf9b49796dedcedd4c
      size: 10078033
    - path: configs/config.yaml
      md5: d94a4ed066734b2e21be2679a0c80d53
      size: 450
    - path: params.yaml
      md5: b88b5795386f88aa9fda9349fbfd272e
      size: 216
    - path: src/utils/common.py
      md5: da1e9bbf592aa85cc389ba312f26ef70
      size: 1341
    - path: src\stage_04_evaluate.py
      md5: 328aed40ad2ce1f62a8f76bf7677e1bb
      size: 2816
    outs:
    - path: prc.json
      md5: 6a34f1c8460dfd9ad09511a2b878c9c4
      size: 136352
    - path: roc.json
      md5: 3bf4bbe1c6cd4650d4a34ce198b17c2f
      size: 95912
    - path: scores.json
      md5: fa71c8b611c9de96afc923706176d7a1
      size: 76
